
Microsoft Visual Studio Solution File, Format Version 12.00
# Visual Studio Version 17
VisualStudioVersion = 17.7.34221.43
MinimumVisualStudioVersion = 10.0.40219.1
Project("{FAE04EC0-301F-11D3-BF4B-00C04F79EFBC}") = "e-AgendaMedica.WinApp", "e-AgendaMedica.WinApp\e-AgendaMedica.WinApp.csproj", "{0F307AC9-5EB3-4B6B-B862-7109AB794876}"
EndProject
Project("{2150E333-8FDC-42A3-9474-1A3956D46DE8}") = "1 - Apresentação", "1 - Apresentação", "{CA304BC7-B196-46A0-96F1-938609EBD79F}"
EndProject
Project("{2150E333-8FDC-42A3-9474-1A3956D46DE8}") = "2 - Aplicação", "2 - Aplicação", "{4D04C72D-83F7-4BBB-8C40-6A42EBE70192}"
EndProject
Project("{2150E333-8FDC-42A3-9474-1A3956D46DE8}") = "3 - Domínio", "3 - Domínio", "{5D537053-359D-41F6-ABE8-148627F8CA92}"
EndProject
Project("{2150E333-8FDC-42A3-9474-1A3956D46DE8}") = "4 - Infra", "4 - Infra", "{B30859C8-DA80-475F-9A21-03B7AEB90C15}"
EndProject
Project("{2150E333-8FDC-42A3-9474-1A3956D46DE8}") = "5 - Testes", "5 - Testes", "{F7B0CC93-6D08-45C4-BAB9-0BBF1AF54BFD}"
EndProject
Project("{FAE04EC0-301F-11D3-BF4B-00C04F79EFBC}") = "e-AgendaMedica.Aplicacao", "e-AgendaMedica.WinApp\e-AgendaMedica.Aplicacao\e-AgendaMedica.Aplicacao.csproj", "{5B75F076-8B3D-49AA-8033-4A3CBF5EFC48}"
EndProject
Project("{FAE04EC0-301F-11D3-BF4B-00C04F79EFBC}") = "e-AgendaMedica.Dominio", "e-AgendaMedica.Dominio\e-AgendaMedica.Dominio.csproj", "{141299E5-5086-43C9-A556-A6098857960F}"
EndProject
Project("{2150E333-8FDC-42A3-9474-1A3956D46DE8}") = "4.1 Banco de Dados", "4.1 Banco de Dados", "{28FF1C86-4212-4DFC-9C5F-2954CFEE774C}"
EndProject
Project("{FAE04EC0-301F-11D3-BF4B-00C04F79EFBC}") = "e-AgendaMedica.Infra.Orm", "e-AgendaMedica.Infra.Orm\e-AgendaMedica.Infra.Orm.csproj", "{1F5C1FB9-CDE6-4CF6-9EEE-911EC5A17257}"
EndProject
Project("{2150E333-8FDC-42A3-9474-1A3956D46DE8}") = "Orm", "Orm", "{9376D5D1-F5FE-4178-8B9F-F8DCBD3DF277}"
EndProject
Global
	GlobalSection(SolutionConfigurationPlatforms) = preSolution
		Debug|Any CPU = Debug|Any CPU
		Release|Any CPU = Release|Any CPU
	EndGlobalSection
	GlobalSection(ProjectConfigurationPlatforms) = postSolution
		{0F307AC9-5EB3-4B6B-B862-7109AB794876}.Debug|Any CPU.ActiveCfg = Debug|Any CPU
		{0F307AC9-5EB3-4B6B-B862-7109AB794876}.Debug|Any CPU.Build.0 = Debug|Any CPU
		{0F307AC9-5EB3-4B6B-B862-7109AB794876}.Release|Any CPU.ActiveCfg = Release|Any CPU
		{0F307AC9-5EB3-4B6B-B862-7109AB794876}.Release|Any CPU.Build.0 = Release|Any CPU
		{5B75F076-8B3D-49AA-8033-4A3CBF5EFC48}.Debug|Any CPU.ActiveCfg = Debug|Any CPU
		{5B75F076-8B3D-49AA-8033-4A3CBF5EFC48}.Debug|Any CPU.Build.0 = Debug|Any CPU
		{5B75F076-8B3D-49AA-8033-4A3CBF5EFC48}.Release|Any CPU.ActiveCfg = Release|Any CPU
		{5B75F076-8B3D-49AA-8033-4A3CBF5EFC48}.Release|Any CPU.Build.0 = Release|Any CPU
		{141299E5-5086-43C9-A556-A6098857960F}.Debug|Any CPU.ActiveCfg = Debug|Any CPU
		{141299E5-5086-43C9-A556-A6098857960F}.Debug|Any CPU.Build.0 = Debug|Any CPU
		{141299E5-5086-43C9-A556-A6098857960F}.Release|Any CPU.ActiveCfg = Release|Any CPU
		{141299E5-5086-43C9-A556-A6098857960F}.Release|Any CPU.Build.0 = Release|Any CPU
		{1F5C1FB9-CDE6-4CF6-9EEE-911EC5A17257}.Debug|Any CPU.ActiveCfg = Debug|Any CPU
		{1F5C1FB9-CDE6-4CF6-9EEE-911EC5A17257}.Debug|Any CPU.Build.0 = Debug|Any CPU
		{1F5C1FB9-CDE6-4CF6-9EEE-911EC5A17257}.Release|Any CPU.ActiveCfg = Release|Any CPU
		{1F5C1FB9-CDE6-4CF6-9EEE-911EC5A17257}.Release|Any CPU.Build.0 = Release|Any CPU
	EndGlobalSection
	GlobalSection(SolutionProperties) = preSolution
		HideSolutionNode = FALSE
	EndGlobalSection
	GlobalSection(NestedProjects) = preSolution
		{0F307AC9-5EB3-4B6B-B862-7109AB794876} = {CA304BC7-B196-46A0-96F1-938609EBD79F}
		{5B75F076-8B3D-49AA-8033-4A3CBF5EFC48} = {4D04C72D-83F7-4BBB-8C40-6A42EBE70192}
		{141299E5-5086-43C9-A556-A6098857960F} = {5D537053-359D-41F6-ABE8-148627F8CA92}
		{28FF1C86-4212-4DFC-9C5F-2954CFEE774C} = {B30859C8-DA80-475F-9A21-03B7AEB90C15}
		{1F5C1FB9-CDE6-4CF6-9EEE-911EC5A17257} = {9376D5D1-F5FE-4178-8B9F-F8DCBD3DF277}
		{9376D5D1-F5FE-4178-8B9F-F8DCBD3DF277} = {28FF1C86-4212-4DFC-9C5F-2954CFEE774C}
	EndGlobalSection
	GlobalSection(ExtensibilityGlobals) = postSolution
		SolutionGuid = {F5FB0B14-E7A4-4A47-B4DE-B8B6B97D17D7}
	EndGlobalSection
EndGlobal
